
Microsoft Visual Studio Solution File, Format Version 12.00
# Visual Studio 15
VisualStudioVersion = 15.0.28307.705
MinimumVisualStudioVersion = 10.0.40219.1
Project("{FAE04EC0-301F-11D3-BF4B-00C04F79EFBC}") = "MyShop.Core", "MyShop.Core\MyShop.Core.csproj", "{F9214ED9-34C9-409C-849E-D96826D44C2F}"
EndProject
Project("{FAE04EC0-301F-11D3-BF4B-00C04F79EFBC}") = "MyShop.services", "MyShop.services\MyShop.services.csproj", "{B1C2B2CA-721C-4D8B-9B7E-EE9E2D4A9F01}"
EndProject
Project("{FAE04EC0-301F-11D3-BF4B-00C04F79EFBC}") = "MyShop.DataAccess.SQL", "MyShop.DataAccess.SQL\MyShop.DataAccess.SQL.csproj", "{7B06EEF7-E8A2-4C8E-AC30-C9E9C97B3527}"
EndProject
Project("{FAE04EC0-301F-11D3-BF4B-00C04F79EFBC}") = "MyShop.DataAccess.InMemory", "MyShop.DataAccess.InMemory\MyShop.DataAccess.InMemory.csproj", "{883C8EBE-3C63-445A-8063-16813AB62BC3}"
EndProject
Project("{FAE04EC0-301F-11D3-BF4B-00C04F79EFBC}") = "MyShop.WebUI", "MyShop.WebUI\MyShop.WebUI.csproj", "{8C9C0CE8-ADC4-43E1-A559-D4406EAEC639}"
EndProject
Project("{FAE04EC0-301F-11D3-BF4B-00C04F79EFBC}") = "MyShop.WebUI.Tests", "MyShop.WebUI.Tests\MyShop.WebUI.Tests.csproj", "{4688696C-40C1-4E98-8A5F-432D74467DD6}"
EndProject
Global
	GlobalSection(SolutionConfigurationPlatforms) = preSolution
		Debug|Any CPU = Debug|Any CPU
		Release|Any CPU = Release|Any CPU
	EndGlobalSection
	GlobalSection(ProjectConfigurationPlatforms) = postSolution
		{F9214ED9-34C9-409C-849E-D96826D44C2F}.Debug|Any CPU.ActiveCfg = Debug|Any CPU
		{F9214ED9-34C9-409C-849E-D96826D44C2F}.Debug|Any CPU.Build.0 = Debug|Any CPU
		{F9214ED9-34C9-409C-849E-D96826D44C2F}.Release|Any CPU.ActiveCfg = Release|Any CPU
		{F9214ED9-34C9-409C-849E-D96826D44C2F}.Release|Any CPU.Build.0 = Release|Any CPU
		{B1C2B2CA-721C-4D8B-9B7E-EE9E2D4A9F01}.Debug|Any CPU.ActiveCfg = Debug|Any CPU
		{B1C2B2CA-721C-4D8B-9B7E-EE9E2D4A9F01}.Debug|Any CPU.Build.0 = Debug|Any CPU
		{B1C2B2CA-721C-4D8B-9B7E-EE9E2D4A9F01}.Release|Any CPU.ActiveCfg = Release|Any CPU
		{B1C2B2CA-721C-4D8B-9B7E-EE9E2D4A9F01}.Release|Any CPU.Build.0 = Release|Any CPU
		{7B06EEF7-E8A2-4C8E-AC30-C9E9C97B3527}.Debug|Any CPU.ActiveCfg = Debug|Any CPU
		{7B06EEF7-E8A2-4C8E-AC30-C9E9C97B3527}.Debug|Any CPU.Build.0 = Debug|Any CPU
		{7B06EEF7-E8A2-4C8E-AC30-C9E9C97B3527}.Release|Any CPU.ActiveCfg = Release|Any CPU
		{7B06EEF7-E8A2-4C8E-AC30-C9E9C97B3527}.Release|Any CPU.Build.0 = Release|Any CPU
		{883C8EBE-3C63-445A-8063-16813AB62BC3}.Debug|Any CPU.ActiveCfg = Debug|Any CPU
		{883C8EBE-3C63-445A-8063-16813AB62BC3}.Debug|Any CPU.Build.0 = Debug|Any CPU
		{883C8EBE-3C63-445A-8063-16813AB62BC3}.Release|Any CPU.ActiveCfg = Release|Any CPU
		{883C8EBE-3C63-445A-8063-16813AB62BC3}.Release|Any CPU.Build.0 = Release|Any CPU
		{8C9C0CE8-ADC4-43E1-A559-D4406EAEC639}.Debug|Any CPU.ActiveCfg = Debug|Any CPU
		{8C9C0CE8-ADC4-43E1-A559-D4406EAEC639}.Debug|Any CPU.Build.0 = Debug|Any CPU
		{8C9C0CE8-ADC4-43E1-A559-D4406EAEC639}.Release|Any CPU.ActiveCfg = Release|Any CPU
		{8C9C0CE8-ADC4-43E1-A559-D4406EAEC639}.Release|Any CPU.Build.0 = Release|Any CPU
		{4688696C-40C1-4E98-8A5F-432D74467DD6}.Debug|Any CPU.ActiveCfg = Debug|Any CPU
		{4688696C-40C1-4E98-8A5F-432D74467DD6}.Debug|Any CPU.Build.0 = Debug|Any CPU
		{4688696C-40C1-4E98-8A5F-432D74467DD6}.Release|Any CPU.ActiveCfg = Release|Any CPU
		{4688696C-40C1-4E98-8A5F-432D74467DD6}.Release|Any CPU.Build.0 = Release|Any CPU
	EndGlobalSection
	GlobalSection(SolutionProperties) = preSolution
		HideSolutionNode = FALSE
	EndGlobalSection
	GlobalSection(ExtensibilityGlobals) = postSolution
		SolutionGuid = {4DFE615D-61F7-4C43-A698-449988456549}
	EndGlobalSection
EndGlobal
